
Microsoft Visual Studio Solution File, Format Version 12.00
# Visual Studio Version 17
VisualStudioVersion = 17.12.35707.178 d17.12
MinimumVisualStudioVersion = 10.0.40219.1
Project("{FAE04EC0-301F-11D3-BF4B-00C04F79EFBC}") = "CourseSystem", "CourseSystem\CourseSystem.csproj", "{97957B25-223E-414C-ACE4-F23C292E085A}"
EndProject
Project("{FAE04EC0-301F-11D3-BF4B-00C04F79EFBC}") = "CourseSystem_BL", "CourseSystem_BL\CourseSystem_BL.csproj", "{D36395FD-15F4-46B7-9A85-8B0988C4EA88}"
EndProject
Project("{FAE04EC0-301F-11D3-BF4B-00C04F79EFBC}") = "CourseSystem_DAL", "CourseSystem_DAL\CourseSystem_DAL.csproj", "{ECA76ACE-B1A5-4EC2-9F4B-98C6DCC3CB7E}"
EndProject
Global
	GlobalSection(SolutionConfigurationPlatforms) = preSolution
		Debug|Any CPU = Debug|Any CPU
		Release|Any CPU = Release|Any CPU
	EndGlobalSection
	GlobalSection(ProjectConfigurationPlatforms) = postSolution
		{97957B25-223E-414C-ACE4-F23C292E085A}.Debug|Any CPU.ActiveCfg = Debug|Any CPU
		{97957B25-223E-414C-ACE4-F23C292E085A}.Debug|Any CPU.Build.0 = Debug|Any CPU
		{97957B25-223E-414C-ACE4-F23C292E085A}.Release|Any CPU.ActiveCfg = Release|Any CPU
		{97957B25-223E-414C-ACE4-F23C292E085A}.Release|Any CPU.Build.0 = Release|Any CPU
		{D36395FD-15F4-46B7-9A85-8B0988C4EA88}.Debug|Any CPU.ActiveCfg = Debug|Any CPU
		{D36395FD-15F4-46B7-9A85-8B0988C4EA88}.Debug|Any CPU.Build.0 = Debug|Any CPU
		{D36395FD-15F4-46B7-9A85-8B0988C4EA88}.Release|Any CPU.ActiveCfg = Release|Any CPU
		{D36395FD-15F4-46B7-9A85-8B0988C4EA88}.Release|Any CPU.Build.0 = Release|Any CPU
		{ECA76ACE-B1A5-4EC2-9F4B-98C6DCC3CB7E}.Debug|Any CPU.ActiveCfg = Debug|Any CPU
		{ECA76ACE-B1A5-4EC2-9F4B-98C6DCC3CB7E}.Debug|Any CPU.Build.0 = Debug|Any CPU
		{ECA76ACE-B1A5-4EC2-9F4B-98C6DCC3CB7E}.Release|Any CPU.ActiveCfg = Release|Any CPU
		{ECA76ACE-B1A5-4EC2-9F4B-98C6DCC3CB7E}.Release|Any CPU.Build.0 = Release|Any CPU
	EndGlobalSection
	GlobalSection(SolutionProperties) = preSolution
		HideSolutionNode = FALSE
	EndGlobalSection
EndGlobal
